
Microsoft Visual Studio Solution File, Format Version 12.00
Project("{FAE04EC0-301F-11D3-BF4B-00C04F79EFBC}") = "Week8KTLTTH", "Week8KTLTTH\Week8KTLTTH.csproj", "{A652087E-8C3D-4175-9BD2-F9D442A2D2F1}"
EndProject
Project("{FAE04EC0-301F-11D3-BF4B-00C04F79EFBC}") = "BT2", "BT2\BT2.csproj", "{768C64BE-D1F5-4277-BC7D-6B474764B6EC}"
EndProject
Project("{FAE04EC0-301F-11D3-BF4B-00C04F79EFBC}") = "BT1", "BT1\BT1.csproj", "{BA60266C-EA42-404B-BB4A-E6916A9A0B56}"
EndProject
Global
	GlobalSection(SolutionConfigurationPlatforms) = preSolution
		Debug|Any CPU = Debug|Any CPU
		Release|Any CPU = Release|Any CPU
	EndGlobalSection
	GlobalSection(ProjectConfigurationPlatforms) = postSolution
		{A652087E-8C3D-4175-9BD2-F9D442A2D2F1}.Debug|Any CPU.ActiveCfg = Debug|Any CPU
		{A652087E-8C3D-4175-9BD2-F9D442A2D2F1}.Debug|Any CPU.Build.0 = Debug|Any CPU
		{A652087E-8C3D-4175-9BD2-F9D442A2D2F1}.Release|Any CPU.ActiveCfg = Release|Any CPU
		{A652087E-8C3D-4175-9BD2-F9D442A2D2F1}.Release|Any CPU.Build.0 = Release|Any CPU
		{768C64BE-D1F5-4277-BC7D-6B474764B6EC}.Debug|Any CPU.ActiveCfg = Debug|Any CPU
		{768C64BE-D1F5-4277-BC7D-6B474764B6EC}.Debug|Any CPU.Build.0 = Debug|Any CPU
		{768C64BE-D1F5-4277-BC7D-6B474764B6EC}.Release|Any CPU.ActiveCfg = Release|Any CPU
		{768C64BE-D1F5-4277-BC7D-6B474764B6EC}.Release|Any CPU.Build.0 = Release|Any CPU
		{BA60266C-EA42-404B-BB4A-E6916A9A0B56}.Debug|Any CPU.ActiveCfg = Debug|Any CPU
		{BA60266C-EA42-404B-BB4A-E6916A9A0B56}.Debug|Any CPU.Build.0 = Debug|Any CPU
		{BA60266C-EA42-404B-BB4A-E6916A9A0B56}.Release|Any CPU.ActiveCfg = Release|Any CPU
		{BA60266C-EA42-404B-BB4A-E6916A9A0B56}.Release|Any CPU.Build.0 = Release|Any CPU
	EndGlobalSection
EndGlobal
