
Microsoft Visual Studio Solution File, Format Version 12.00
Project("{FAE04EC0-301F-11D3-BF4B-00C04F79EFBC}") = "Week2_KTLTTH", "Week2_KTLTTH\Week2_KTLTTH.csproj", "{D3AFA6D9-7FAB-4639-9651-E479BEC64D29}"
EndProject
Project("{FAE04EC0-301F-11D3-BF4B-00C04F79EFBC}") = "BT1", "BT1\BT1.csproj", "{A986F931-119D-4ACB-966E-BF0892A51499}"
EndProject
Project("{FAE04EC0-301F-11D3-BF4B-00C04F79EFBC}") = "BT2", "BT2\BT2.csproj", "{94807B6B-2D5D-4B23-8BD3-13FB592B1305}"
EndProject
Project("{FAE04EC0-301F-11D3-BF4B-00C04F79EFBC}") = "BT3", "BT3\BT3.csproj", "{7956DEFF-55C7-4F8A-BD2E-61E9CB0176F0}"
EndProject
Project("{FAE04EC0-301F-11D3-BF4B-00C04F79EFBC}") = "BT4", "BT4\BT4.csproj", "{6BFAFC6D-9A95-41C2-BF49-C85F60EA1C49}"
EndProject
Project("{FAE04EC0-301F-11D3-BF4B-00C04F79EFBC}") = "BT5", "BT5\BT5.csproj", "{357C37C3-BBAF-49A5-A50E-06F90CCF9403}"
EndProject
Project("{FAE04EC0-301F-11D3-BF4B-00C04F79EFBC}") = "BT6", "BT6\BT6.csproj", "{031B0230-9E83-4440-94F7-B5E724B04A2C}"
EndProject
Project("{FAE04EC0-301F-11D3-BF4B-00C04F79EFBC}") = "BT7", "BT7\BT7.csproj", "{38DFEB9B-8C4F-4086-AF58-70EEE789709B}"
EndProject
Global
	GlobalSection(SolutionConfigurationPlatforms) = preSolution
		Debug|Any CPU = Debug|Any CPU
		Release|Any CPU = Release|Any CPU
	EndGlobalSection
	GlobalSection(ProjectConfigurationPlatforms) = postSolution
		{D3AFA6D9-7FAB-4639-9651-E479BEC64D29}.Debug|Any CPU.ActiveCfg = Debug|Any CPU
		{D3AFA6D9-7FAB-4639-9651-E479BEC64D29}.Debug|Any CPU.Build.0 = Debug|Any CPU
		{D3AFA6D9-7FAB-4639-9651-E479BEC64D29}.Release|Any CPU.ActiveCfg = Release|Any CPU
		{D3AFA6D9-7FAB-4639-9651-E479BEC64D29}.Release|Any CPU.Build.0 = Release|Any CPU
		{A986F931-119D-4ACB-966E-BF0892A51499}.Debug|Any CPU.ActiveCfg = Debug|Any CPU
		{A986F931-119D-4ACB-966E-BF0892A51499}.Debug|Any CPU.Build.0 = Debug|Any CPU
		{A986F931-119D-4ACB-966E-BF0892A51499}.Release|Any CPU.ActiveCfg = Release|Any CPU
		{A986F931-119D-4ACB-966E-BF0892A51499}.Release|Any CPU.Build.0 = Release|Any CPU
		{94807B6B-2D5D-4B23-8BD3-13FB592B1305}.Debug|Any CPU.ActiveCfg = Debug|Any CPU
		{94807B6B-2D5D-4B23-8BD3-13FB592B1305}.Debug|Any CPU.Build.0 = Debug|Any CPU
		{94807B6B-2D5D-4B23-8BD3-13FB592B1305}.Release|Any CPU.ActiveCfg = Release|Any CPU
		{94807B6B-2D5D-4B23-8BD3-13FB592B1305}.Release|Any CPU.Build.0 = Release|Any CPU
		{7956DEFF-55C7-4F8A-BD2E-61E9CB0176F0}.Debug|Any CPU.ActiveCfg = Debug|Any CPU
		{7956DEFF-55C7-4F8A-BD2E-61E9CB0176F0}.Debug|Any CPU.Build.0 = Debug|Any CPU
		{7956DEFF-55C7-4F8A-BD2E-61E9CB0176F0}.Release|Any CPU.ActiveCfg = Release|Any CPU
		{7956DEFF-55C7-4F8A-BD2E-61E9CB0176F0}.Release|Any CPU.Build.0 = Release|Any CPU
		{6BFAFC6D-9A95-41C2-BF49-C85F60EA1C49}.Debug|Any CPU.ActiveCfg = Debug|Any CPU
		{6BFAFC6D-9A95-41C2-BF49-C85F60EA1C49}.Debug|Any CPU.Build.0 = Debug|Any CPU
		{6BFAFC6D-9A95-41C2-BF49-C85F60EA1C49}.Release|Any CPU.ActiveCfg = Release|Any CPU
		{6BFAFC6D-9A95-41C2-BF49-C85F60EA1C49}.Release|Any CPU.Build.0 = Release|Any CPU
		{357C37C3-BBAF-49A5-A50E-06F90CCF9403}.Debug|Any CPU.ActiveCfg = Debug|Any CPU
		{357C37C3-BBAF-49A5-A50E-06F90CCF9403}.Debug|Any CPU.Build.0 = Debug|Any CPU
		{357C37C3-BBAF-49A5-A50E-06F90CCF9403}.Release|Any CPU.ActiveCfg = Release|Any CPU
		{357C37C3-BBAF-49A5-A50E-06F90CCF9403}.Release|Any CPU.Build.0 = Release|Any CPU
		{031B0230-9E83-4440-94F7-B5E724B04A2C}.Debug|Any CPU.ActiveCfg = Debug|Any CPU
		{031B0230-9E83-4440-94F7-B5E724B04A2C}.Debug|Any CPU.Build.0 = Debug|Any CPU
		{031B0230-9E83-4440-94F7-B5E724B04A2C}.Release|Any CPU.ActiveCfg = Release|Any CPU
		{031B0230-9E83-4440-94F7-B5E724B04A2C}.Release|Any CPU.Build.0 = Release|Any CPU
		{38DFEB9B-8C4F-4086-AF58-70EEE789709B}.Debug|Any CPU.ActiveCfg = Debug|Any CPU
		{38DFEB9B-8C4F-4086-AF58-70EEE789709B}.Debug|Any CPU.Build.0 = Debug|Any CPU
		{38DFEB9B-8C4F-4086-AF58-70EEE789709B}.Release|Any CPU.ActiveCfg = Release|Any CPU
		{38DFEB9B-8C4F-4086-AF58-70EEE789709B}.Release|Any CPU.Build.0 = Release|Any CPU
	EndGlobalSection
EndGlobal
