
Microsoft Visual Studio Solution File, Format Version 12.00
Project("{FAE04EC0-301F-11D3-BF4B-00C04F79EFBC}") = "Week5Weekk_KTLTTH", "Week5Weekk_KTLTTH\Week5Weekk_KTLTTH.csproj", "{D44E20D9-4EFF-4F78-930F-99391A61D054}"
EndProject
Project("{FAE04EC0-301F-11D3-BF4B-00C04F79EFBC}") = "BT1", "BT1\BT1.csproj", "{EF964A93-2063-4E13-8E6E-687E80F82E3E}"
EndProject
Project("{FAE04EC0-301F-11D3-BF4B-00C04F79EFBC}") = "BT2", "BT2\BT2.csproj", "{2D231595-39FE-40F0-9FC8-128C10CFCB08}"
EndProject
Project("{FAE04EC0-301F-11D3-BF4B-00C04F79EFBC}") = "BT3", "BT3\BT3.csproj", "{F0BBE428-C006-4BD4-B9C5-0DCD2BA86028}"
EndProject
Project("{FAE04EC0-301F-11D3-BF4B-00C04F79EFBC}") = "BT1.2", "BT1.2\BT1.2.csproj", "{2C9F2B7C-694E-4BA1-82D0-EF43125E8978}"
EndProject
Project("{FAE04EC0-301F-11D3-BF4B-00C04F79EFBC}") = "BT2.2", "BT2.2\BT2.2.csproj", "{CD5C1CFA-40FA-4D3A-87EF-008BE6133C87}"
EndProject
Global
	GlobalSection(SolutionConfigurationPlatforms) = preSolution
		Debug|Any CPU = Debug|Any CPU
		Release|Any CPU = Release|Any CPU
	EndGlobalSection
	GlobalSection(ProjectConfigurationPlatforms) = postSolution
		{D44E20D9-4EFF-4F78-930F-99391A61D054}.Debug|Any CPU.ActiveCfg = Debug|Any CPU
		{D44E20D9-4EFF-4F78-930F-99391A61D054}.Debug|Any CPU.Build.0 = Debug|Any CPU
		{D44E20D9-4EFF-4F78-930F-99391A61D054}.Release|Any CPU.ActiveCfg = Release|Any CPU
		{D44E20D9-4EFF-4F78-930F-99391A61D054}.Release|Any CPU.Build.0 = Release|Any CPU
		{EF964A93-2063-4E13-8E6E-687E80F82E3E}.Debug|Any CPU.ActiveCfg = Debug|Any CPU
		{EF964A93-2063-4E13-8E6E-687E80F82E3E}.Debug|Any CPU.Build.0 = Debug|Any CPU
		{EF964A93-2063-4E13-8E6E-687E80F82E3E}.Release|Any CPU.ActiveCfg = Release|Any CPU
		{EF964A93-2063-4E13-8E6E-687E80F82E3E}.Release|Any CPU.Build.0 = Release|Any CPU
		{2D231595-39FE-40F0-9FC8-128C10CFCB08}.Debug|Any CPU.ActiveCfg = Debug|Any CPU
		{2D231595-39FE-40F0-9FC8-128C10CFCB08}.Debug|Any CPU.Build.0 = Debug|Any CPU
		{2D231595-39FE-40F0-9FC8-128C10CFCB08}.Release|Any CPU.ActiveCfg = Release|Any CPU
		{2D231595-39FE-40F0-9FC8-128C10CFCB08}.Release|Any CPU.Build.0 = Release|Any CPU
		{F0BBE428-C006-4BD4-B9C5-0DCD2BA86028}.Debug|Any CPU.ActiveCfg = Debug|Any CPU
		{F0BBE428-C006-4BD4-B9C5-0DCD2BA86028}.Debug|Any CPU.Build.0 = Debug|Any CPU
		{F0BBE428-C006-4BD4-B9C5-0DCD2BA86028}.Release|Any CPU.ActiveCfg = Release|Any CPU
		{F0BBE428-C006-4BD4-B9C5-0DCD2BA86028}.Release|Any CPU.Build.0 = Release|Any CPU
		{2C9F2B7C-694E-4BA1-82D0-EF43125E8978}.Debug|Any CPU.ActiveCfg = Debug|Any CPU
		{2C9F2B7C-694E-4BA1-82D0-EF43125E8978}.Debug|Any CPU.Build.0 = Debug|Any CPU
		{2C9F2B7C-694E-4BA1-82D0-EF43125E8978}.Release|Any CPU.ActiveCfg = Release|Any CPU
		{2C9F2B7C-694E-4BA1-82D0-EF43125E8978}.Release|Any CPU.Build.0 = Release|Any CPU
		{CD5C1CFA-40FA-4D3A-87EF-008BE6133C87}.Debug|Any CPU.ActiveCfg = Debug|Any CPU
		{CD5C1CFA-40FA-4D3A-87EF-008BE6133C87}.Debug|Any CPU.Build.0 = Debug|Any CPU
		{CD5C1CFA-40FA-4D3A-87EF-008BE6133C87}.Release|Any CPU.ActiveCfg = Release|Any CPU
		{CD5C1CFA-40FA-4D3A-87EF-008BE6133C87}.Release|Any CPU.Build.0 = Release|Any CPU
	EndGlobalSection
EndGlobal
